
Microsoft Visual Studio Solution File, Format Version 12.00
# Visual Studio Version 17
VisualStudioVersion = 17.9.34902.65
MinimumVisualStudioVersion = 10.0.40219.1
Project("{FAE04EC0-301F-11D3-BF4B-00C04F79EFBC}") = "MHG.Surveys.Domain", "MHG.Surveys.Domain.csproj", "{394D536E-049A-4E15-AF01-A9C24684B98A}"
EndProject
Global
	GlobalSection(SolutionConfigurationPlatforms) = preSolution
		Debug|Any CPU = Debug|Any CPU
		Release|Any CPU = Release|Any CPU
	EndGlobalSection
	GlobalSection(ProjectConfigurationPlatforms) = postSolution
		{394D536E-049A-4E15-AF01-A9C24684B98A}.Debug|Any CPU.ActiveCfg = Debug|Any CPU
		{394D536E-049A-4E15-AF01-A9C24684B98A}.Debug|Any CPU.Build.0 = Debug|Any CPU
		{394D536E-049A-4E15-AF01-A9C24684B98A}.Release|Any CPU.ActiveCfg = Release|Any CPU
		{394D536E-049A-4E15-AF01-A9C24684B98A}.Release|Any CPU.Build.0 = Release|Any CPU
	EndGlobalSection
	GlobalSection(SolutionProperties) = preSolution
		HideSolutionNode = FALSE
	EndGlobalSection
	GlobalSection(ExtensibilityGlobals) = postSolution
		SolutionGuid = {212600E2-D0C0-477D-A5FE-31BC70A43843}
	EndGlobalSection
EndGlobal
